
Microsoft Visual Studio Solution File, Format Version 12.00
# Visual Studio Version 17
VisualStudioVersion = 17.0.31903.59
MinimumVisualStudioVersion = 10.0.40219.1
Project("{9A19103F-16F7-4668-BE54-9A1E7A4F7556}") = "TaskManagerApi", "src\TaskManagerApi.csproj", "{4D9A8474-9FD2-4D78-8011-2BF832C36519}"
EndProject
Project("{9A19103F-16F7-4668-BE54-9A1E7A4F7556}") = "TaskManagerApiTests", "TaskManagerApiTests\TaskManagerApiTests.csproj", "{B67A0D1D-61ED-4605-B8C7-F64C24008125}"
EndProject
Global
	GlobalSection(SolutionConfigurationPlatforms) = preSolution
		Debug|Any CPU = Debug|Any CPU
		Release|Any CPU = Release|Any CPU
	EndGlobalSection
	GlobalSection(ProjectConfigurationPlatforms) = postSolution
		{4D9A8474-9FD2-4D78-8011-2BF832C36519}.Debug|Any CPU.ActiveCfg = Debug|Any CPU
		{4D9A8474-9FD2-4D78-8011-2BF832C36519}.Debug|Any CPU.Build.0 = Debug|Any CPU
		{4D9A8474-9FD2-4D78-8011-2BF832C36519}.Release|Any CPU.ActiveCfg = Release|Any CPU
		{4D9A8474-9FD2-4D78-8011-2BF832C36519}.Release|Any CPU.Build.0 = Release|Any CPU
		{B67A0D1D-61ED-4605-B8C7-F64C24008125}.Debug|Any CPU.ActiveCfg = Debug|Any CPU
		{B67A0D1D-61ED-4605-B8C7-F64C24008125}.Debug|Any CPU.Build.0 = Debug|Any CPU
		{B67A0D1D-61ED-4605-B8C7-F64C24008125}.Release|Any CPU.ActiveCfg = Release|Any CPU
		{B67A0D1D-61ED-4605-B8C7-F64C24008125}.Release|Any CPU.Build.0 = Release|Any CPU
	EndGlobalSection
	GlobalSection(SolutionProperties) = preSolution
		HideSolutionNode = FALSE
	EndGlobalSection
	GlobalSection(ExtensibilityGlobals) = postSolution
		SolutionGuid = {77B1D42D-5263-4FE7-BAA2-59A4CF4FA19B}
	EndGlobalSection
EndGlobal
